
Microsoft Visual Studio Solution File, Format Version 12.00
# Visual Studio Version 16
VisualStudioVersion = 16.0.31112.23
MinimumVisualStudioVersion = 10.0.40219.1
Project("{FAE04EC0-301F-11D3-BF4B-00C04F79EFBC}") = "JokeWebApp", "JokeWebApp.csproj", "{D67103FC-C734-4BC7-A5B2-CF5A35397F6A}"
EndProject
Global
	GlobalSection(SolutionConfigurationPlatforms) = preSolution
		Debug|Any CPU = Debug|Any CPU
		Release|Any CPU = Release|Any CPU
	EndGlobalSection
	GlobalSection(ProjectConfigurationPlatforms) = postSolution
		{D67103FC-C734-4BC7-A5B2-CF5A35397F6A}.Debug|Any CPU.ActiveCfg = Debug|Any CPU
		{D67103FC-C734-4BC7-A5B2-CF5A35397F6A}.Debug|Any CPU.Build.0 = Debug|Any CPU
		{D67103FC-C734-4BC7-A5B2-CF5A35397F6A}.Release|Any CPU.ActiveCfg = Release|Any CPU
		{D67103FC-C734-4BC7-A5B2-CF5A35397F6A}.Release|Any CPU.Build.0 = Release|Any CPU
	EndGlobalSection
	GlobalSection(SolutionProperties) = preSolution
		HideSolutionNode = FALSE
	EndGlobalSection
	GlobalSection(ExtensibilityGlobals) = postSolution
		SolutionGuid = {7AB4B809-C3AA-43C0-BB2C-B628EB7DE1C0}
	EndGlobalSection
EndGlobal
